<?xml version="1.0" encoding="utf-8"?>
<Project ToolsVersion="4.0" xmlns="http://schemas.microsoft.com/developer/msbuild/2003">
  <ItemGroup>
    <Filter Include="Source Files">
      <UniqueIdentifier>{5067eb00-bb96-4271-9929-de411a523252}</UniqueIdentifier>
      <Extensions>cpp;c;cxx;rc;def;r;odl;idl;hpj;bat</Extensions>
    </Filter>
    <Filter Include="Header Files">
      <UniqueIdentifier>{ea6b36f5-36f1-44ce-965f-02b8fd0caddf}</UniqueIdentifier>
      <Extensions>h;hpp;hxx;hm;inl</Extensions>
    </Filter>
    <Filter Include="Resource Files">
      <UniqueIdentifier>{cb691637-e220-4a6b-a290-5f5179c8f56d}</UniqueIdentifier>
      <Extensions>ico;cur;bmp;dlg;rc2;rct;bin;rgs;gif;jpg;jpeg;jpe</Extensions>
    </Filter>
  </ItemGroup>
  <ItemGroup>
    <ClCompile Include="AddShader.cpp">
      <Filter>Source Files</Filter>
    </ClCompile>
    <ClCompile Include="BaseShader.cpp">
      <Filter>Source Files</Filter>
    </ClCompile>
    <ClCompile Include="BaseShaderPPL_Abs.cpp">
      <Filter>Source Files</Filter>
    </ClCompile>
    <ClCompile Include="BaseTransparent.cpp">
      <Filter>Source Files</Filter>
    </ClCompile>
    <ClCompile Include="ColorShader.cpp">
      <Filter>Source Files</Filter>
    </ClCompile>
    <ClCompile Include="Common.cpp">
      <Filter>Source Files</Filter>
    </ClCompile>
    <ClCompile Include="DefaultShader.cpp">
      <Filter>Source Files</Filter>
    </ClCompile>
    <ClCompile Include="Detail_SpecularShader.cpp">
      <Filter>Source Files</Filter>
    </ClCompile>
    <ClCompile Include="DetailShader.cpp">
      <Filter>Source Files</Filter>
    </ClCompile>
    <ClCompile Include="DisplaceShader.cpp">
      <Filter>Source Files</Filter>
    </ClCompile>
    <ClCompile Include="GlassShader.cpp">
      <Filter>Source Files</Filter>
    </ClCompile>
    <ClCompile Include="InvisibleShader.cpp">
      <Filter>Source Files</Filter>
    </ClCompile>
    <ClCompile Include="MultiLayerShader.cpp">
      <Filter>Source Files</Filter>
    </ClCompile>
    <ClCompile Include="NormalMapShader.cpp">
      <Filter>Source Files</Filter>
    </ClCompile>
    <ClCompile Include="NoShadowShader.cpp">
      <Filter>Source Files</Filter>
    </ClCompile>
    <ClCompile Include="Reflection.cpp">
      <Filter>Source Files</Filter>
    </ClCompile>
    <ClCompile Include="ReftectionAndSpecular.cpp">
      <Filter>Source Files</Filter>
    </ClCompile>
    <ClCompile Include="ShadowShader.cpp">
      <Filter>Source Files</Filter>
    </ClCompile>
    <ClCompile Include="Specular.cpp">
      <Filter>Source Files</Filter>
    </ClCompile>
    <ClCompile Include="StdH.cpp">
      <Filter>Source Files</Filter>
    </ClCompile>
    <ClCompile Include="Translucent.cpp">
      <Filter>Source Files</Filter>
    </ClCompile>
    <ClCompile Include="WaterShader.cpp">
      <Filter>Source Files</Filter>
    </ClCompile>
  </ItemGroup>
  <ItemGroup>
    <ClInclude Include="Common.h">
      <Filter>Header Files</Filter>
    </ClInclude>
    <ClInclude Include="StdH.h">
      <Filter>Header Files</Filter>
    </ClInclude>
  </ItemGroup>
</Project>